{
  "name": "project 2",
  "lockfileVersion": 2,
  "requires": true,
  "packages": {
    "": {
      "dependencies": {
        "molecular-formula": "^1.1.5",
        "molecules.js": "^1.1.0",
        "three": "^0.145.0"
      },
      "devDependencies": {
        "@types/node": "^18.11.3"
      }
    },
    "node_modules/@types/node": {
      "version": "18.11.3",
      "resolved": "https://registry.npmjs.org/@types/node/-/node-18.11.3.tgz",
      "integrity": "sha512-fNjDQzzOsZeKZu5NATgXUPsaFaTxeRgFXoosrHivTl8RGeV733OLawXsGfEk9a8/tySyZUyiZ6E8LcjPFZ2y1A==",
      "dev": true
    },
    "node_modules/isotope-abundances": {
      "version": "2.0.4",
      "resolved": "https://registry.npmjs.org/isotope-abundances/-/isotope-abundances-2.0.4.tgz",
      "integrity": "sha512-0Pidkj2SLgz2aLyPJ6nNL2+C5WKtLC1IurlK9tVnFRRjLsBMajuqkZrtFlJAKykme3yXQE+vxAXASkBj5+eCPA=="
    },
    "node_modules/molecular-formula": {
      "version": "1.1.5",
      "resolved": "https://registry.npmjs.org/molecular-formula/-/molecular-formula-1.1.5.tgz",
      "integrity": "sha512-6e30+LFtp9p9IrSKMXIES3VAwFv30eZ9DZZH7xhVmMyM1vu44ZL8KcrffrwqObAF1f8Vah+ky5hFJfqrlyDmOA==",
      "dependencies": {
        "isotope-abundances": "^2.0.3"
      }
    },
    "node_modules/molecules.js": {
      "version": "1.1.0",
      "resolved": "https://registry.npmjs.org/molecules.js/-/molecules.js-1.1.0.tgz",
      "integrity": "sha512-Twn8W2+uXXDs+V/tUExm2DBsxs0z39MDQUFJWywYJopPB9fFTMK78XFtroImewUhyRriLmDB5yrTQLIKpZu7lg=="
    },
    "node_modules/three": {
      "version": "0.145.0",
      "resolved": "https://registry.npmjs.org/three/-/three-0.145.0.tgz",
      "integrity": "sha512-EKoHQEtEJ4CB6b2BGMBgLZrfwLjXcSUfoI/MiIXUuRpeYsfK5aPWbYhdtIVWOH+x6X0TouldHKHBuc/LAiFzAw=="
    }
  },
  "dependencies": {
    "@types/node": {
      "version": "18.11.3",
      "resolved": "https://registry.npmjs.org/@types/node/-/node-18.11.3.tgz",
      "integrity": "sha512-fNjDQzzOsZeKZu5NATgXUPsaFaTxeRgFXoosrHivTl8RGeV733OLawXsGfEk9a8/tySyZUyiZ6E8LcjPFZ2y1A==",
      "dev": true
    },
    "isotope-abundances": {
      "version": "2.0.4",
      "resolved": "https://registry.npmjs.org/isotope-abundances/-/isotope-abundances-2.0.4.tgz",
      "integrity": "sha512-0Pidkj2SLgz2aLyPJ6nNL2+C5WKtLC1IurlK9tVnFRRjLsBMajuqkZrtFlJAKykme3yXQE+vxAXASkBj5+eCPA=="
    },
    "molecular-formula": {
      "version": "1.1.5",
      "resolved": "https://registry.npmjs.org/molecular-formula/-/molecular-formula-1.1.5.tgz",
      "integrity": "sha512-6e30+LFtp9p9IrSKMXIES3VAwFv30eZ9DZZH7xhVmMyM1vu44ZL8KcrffrwqObAF1f8Vah+ky5hFJfqrlyDmOA==",
      "requires": {
        "isotope-abundances": "^2.0.3"
      }
    },
    "molecules.js": {
      "version": "1.1.0",
      "resolved": "https://registry.npmjs.org/molecules.js/-/molecules.js-1.1.0.tgz",
      "integrity": "sha512-Twn8W2+uXXDs+V/tUExm2DBsxs0z39MDQUFJWywYJopPB9fFTMK78XFtroImewUhyRriLmDB5yrTQLIKpZu7lg=="
    },
    "three": {
      "version": "0.145.0",
      "resolved": "https://registry.npmjs.org/three/-/three-0.145.0.tgz",
      "integrity": "sha512-EKoHQEtEJ4CB6b2BGMBgLZrfwLjXcSUfoI/MiIXUuRpeYsfK5aPWbYhdtIVWOH+x6X0TouldHKHBuc/LAiFzAw=="
    }
  }
}
